// !$*UTF8*$!
{
	archiveVersion = 1;
	classes = {
	};
	objectVersion = 48;
	objects = {

/* Begin PBXBuildFile section */
		2F377B2F1FC995EA00C5490D /* AppDelegate.swift in Sources */ = {isa = PBXBuildFile; fileRef = 2F377B2E1FC995EA00C5490D /* AppDelegate.swift */; };
		2F377B311FC995EA00C5490D /* ViewController.swift in Sources */ = {isa = PBXBuildFile; fileRef = 2F377B301FC995EA00C5490D /* ViewController.swift */; };
		2F377B341FC995EA00C5490D /* Main.storyboard in Resources */ = {isa = PBXBuildFile; fileRef = 2F377B321FC995EA00C5490D /* Main.storyboard */; };
		2F377B361FC995EA00C5490D /* Assets.xcassets in Resources */ = {isa = PBXBuildFile; fileRef = 2F377B351FC995EA00C5490D /* Assets.xcassets */; };
		2F377B391FC995EA00C5490D /* LaunchScreen.storyboard in Resources */ = {isa = PBXBuildFile; fileRef = 2F377B371FC995EA00C5490D /* LaunchScreen.storyboard */; };
		2F377B441FC995EA00C5490D /* SwiftSnapshotDemoTests.swift in Sources */ = {isa = PBXBuildFile; fileRef = 2F377B431FC995EA00C5490D /* SwiftSnapshotDemoTests.swift */; };
		2F377B4F1FC995EA00C5490D /* SwiftSnapshotDemoUITests.swift in Sources */ = {isa = PBXBuildFile; fileRef = 2F377B4E1FC995EA00C5490D /* SwiftSnapshotDemoUITests.swift */; };
/* End PBXBuildFile section */

/* Begin PBXContainerItemProxy section */
		2F377B401FC995EA00C5490D /* PBXContainerItemProxy */ = {
			isa = PBXContainerItemProxy;
			containerPortal = 2F377B231FC995EA00C5490D /* Project object */;
			proxyType = 1;
			remoteGlobalIDString = 2F377B2A1FC995EA00C5490D;
			remoteInfo = SwiftSnapshotDemo;
		};
		2F377B4B1FC995EA00C5490D /* PBXContainerItemProxy */ = {
			isa = PBXContainerItemProxy;
			containerPortal = 2F377B231FC995EA00C5490D /* Project object */;
			proxyType = 1;
			remoteGlobalIDString = 2F377B2A1FC995EA00C5490D;
			remoteInfo = SwiftSnapshotDemo;
		};
/* End PBXContainerItemProxy section */

/* Begin PBXFileReference section */
		2F377B2B1FC995EA00C5490D /* SwiftSnapshotDemo.app */ = {isa = PBXFileReference; explicitFileType = wrapper.application; includeInIndex = 0; path = SwiftSnapshotDemo.app; sourceTree = BUILT_PRODUCTS_DIR; };
		2F377B2E1FC995EA00C5490D /* AppDelegate.swift */ = {isa = PBXFileReference; lastKnownFileType = sourcecode.swift; path = AppDelegate.swift; sourceTree = "<group>"; };
		2F377B301FC995EA00C5490D /* ViewController.swift */ = {isa = PBXFileReference; lastKnownFileType = sourcecode.swift; path = ViewController.swift; sourceTree = "<group>"; };
		2F377B331FC995EA00C5490D /* Base */ = {isa = PBXFileReference; lastKnownFileType = file.storyboard; name = Base; path = Base.lproj/Main.storyboard; sourceTree = "<group>"; };
		2F377B351FC995EA00C5490D /* Assets.xcassets */ = {isa = PBXFileReference; lastKnownFileType = folder.assetcatalog; path = Assets.xcassets; sourceTree = "<group>"; };
		2F377B381FC995EA00C5490D /* Base */ = {isa = PBXFileReference; lastKnownFileType = file.storyboard; name = Base; path = Base.lproj/LaunchScreen.storyboard; sourceTree = "<group>"; };
		2F377B3A1FC995EA00C5490D /* Info.plist */ = {isa = PBXFileReference; lastKnownFileType = text.plist.xml; path = Info.plist; sourceTree = "<group>"; };
		2F377B3F1FC995EA00C5490D /* SwiftSnapshotDemoTests.xctest */ = {isa = PBXFileReference; explicitFileType = wrapper.cfbundle; includeInIndex = 0; path = SwiftSnapshotDemoTests.xctest; sourceTree = BUILT_PRODUCTS_DIR; };
		2F377B431FC995EA00C5490D /* SwiftSnapshotDemoTests.swift */ = {isa = PBXFileReference; lastKnownFileType = sourcecode.swift; path = SwiftSnapshotDemoTests.swift; sourceTree = "<group>"; };
		2F377B451FC995EA00C5490D /* Info.plist */ = {isa = PBXFileReference; lastKnownFileType = text.plist.xml; path = Info.plist; sourceTree = "<group>"; };
		2F377B4A1FC995EA00C5490D /* SwiftSnapshotDemoUITests.xctest */ = {isa = PBXFileReference; explicitFileType = wrapper.cfbundle; includeInIndex = 0; path = SwiftSnapshotDemoUITests.xctest; sourceTree = BUILT_PRODUCTS_DIR; };
		2F377B4E1FC995EA00C5490D /* SwiftSnapshotDemoUITests.swift */ = {isa = PBXFileReference; lastKnownFileType = sourcecode.swift; path = SwiftSnapshotDemoUITests.swift; sourceTree = "<group>"; };
		2F377B501FC995EA00C5490D /* Info.plist */ = {isa = PBXFileReference; lastKnownFileType = text.plist.xml; path = Info.plist; sourceTree = "<group>"; };
/* End PBXFileReference section */

/* Begin PBXFrameworksBuildPhase section */
		2F377B281FC995EA00C5490D /* Frameworks */ = {
			isa = PBXFrameworksBuildPhase;
			buildActionMask = 2147483647;
			files = (
			);
			runOnlyForDeploymentPostprocessing = 0;
		};
		2F377B3C1FC995EA00C5490D /* Frameworks */ = {
			isa = PBXFrameworksBuildPhase;
			buildActionMask = 2147483647;
			files = (
			);
			runOnlyForDeploymentPostprocessing = 0;
		};
		2F377B471FC995EA00C5490D /* Frameworks */ = {
			isa = PBXFrameworksBuildPhase;
			buildActionMask = 2147483647;
			files = (
			);
			runOnlyForDeploymentPostprocessing = 0;
		};
/* End PBXFrameworksBuildPhase section */

/* Begin PBXGroup section */
		2F377B221FC995EA00C5490D = {
			isa = PBXGroup;
			children = (
				2F377B2D1FC995EA00C5490D /* SwiftSnapshotDemo */,
				2F377B421FC995EA00C5490D /* SwiftSnapshotDemoTests */,
				2F377B4D1FC995EA00C5490D /* SwiftSnapshotDemoUITests */,
				2F377B2C1FC995EA00C5490D /* Products */,
			);
			sourceTree = "<group>";
		};
		2F377B2C1FC995EA00C5490D /* Products */ = {
			isa = PBXGroup;
			children = (
				2F377B2B1FC995EA00C5490D /* SwiftSnapshotDemo.app */,
				2F377B3F1FC995EA00C5490D /* SwiftSnapshotDemoTests.xctest */,
				2F377B4A1FC995EA00C5490D /* SwiftSnapshotDemoUITests.xctest */,
			);
			name = Products;
			sourceTree = "<group>";
		};
		2F377B2D1FC995EA00C5490D /* SwiftSnapshotDemo */ = {
			isa = PBXGroup;
			children = (
				2F377B2E1FC995EA00C5490D /* AppDelegate.swift */,
				2F377B301FC995EA00C5490D /* ViewController.swift */,
				2F377B321FC995EA00C5490D /* Main.storyboard */,
				2F377B351FC995EA00C5490D /* Assets.xcassets */,
				2F377B371FC995EA00C5490D /* LaunchScreen.storyboard */,
				2F377B3A1FC995EA00C5490D /* Info.plist */,
			);
			path = SwiftSnapshotDemo;
			sourceTree = "<group>";
		};
		2F377B421FC995EA00C5490D /* SwiftSnapshotDemoTests */ = {
			isa = PBXGroup;
			children = (
				2F377B431FC995EA00C5490D /* SwiftSnapshotDemoTests.swift */,
				2F377B451FC995EA00C5490D /* Info.plist */,
			);
			path = SwiftSnapshotDemoTests;
			sourceTree = "<group>";
		};
		2F377B4D1FC995EA00C5490D /* SwiftSnapshotDemoUITests */ = {
			isa = PBXGroup;
			children = (
				2F377B4E1FC995EA00C5490D /* SwiftSnapshotDemoUITests.swift */,
				2F377B501FC995EA00C5490D /* Info.plist */,
			);
			path = SwiftSnapshotDemoUITests;
			sourceTree = "<group>";
		};
/* End PBXGroup section */

/* Begin PBXNativeTarget section */
		2F377B2A1FC995EA00C5490D /* SwiftSnapshotDemo */ = {
			isa = PBXNativeTarget;
			buildConfigurationList = 2F377B531FC995EA00C5490D /* Build configuration list for PBXNativeTarget "SwiftSnapshotDemo" */;
			buildPhases = (
				2F377B271FC995EA00C5490D /* Sources */,
				2F377B281FC995EA00C5490D /* Frameworks */,
				2F377B291FC995EA00C5490D /* Resources */,
			);
			buildRules = (
			);
			dependencies = (
			);
			name = SwiftSnapshotDemo;
			productName = SwiftSnapshotDemo;
			productReference = 2F377B2B1FC995EA00C5490D /* SwiftSnapshotDemo.app */;
			productType = "com.apple.product-type.application";
		};
		2F377B3E1FC995EA00C5490D /* SwiftSnapshotDemoTests */ = {
			isa = PBXNativeTarget;
			buildConfigurationList = 2F377B561FC995EA00C5490D /* Build configuration list for PBXNativeTarget "SwiftSnapshotDemoTests" */;
			buildPhases = (
				2F377B3B1FC995EA00C5490D /* Sources */,
				2F377B3C1FC995EA00C5490D /* Frameworks */,
				2F377B3D1FC995EA00C5490D /* Resources */,
			);
			buildRules = (
			);
			dependencies = (
				2F377B411FC995EA00C5490D /* PBXTargetDependency */,
			);
			name = SwiftSnapshotDemoTests;
			productName = SwiftSnapshotDemoTests;
			productReference = 2F377B3F1FC995EA00C5490D /* SwiftSnapshotDemoTests.xctest */;
			productType = "com.apple.product-type.bundle.unit-test";
		};
		2F377B491FC995EA00C5490D /* SwiftSnapshotDemoUITests */ = {
			isa = PBXNativeTarget;
			buildConfigurationList = 2F377B591FC995EA00C5490D /* Build configuration list for PBXNativeTarget "SwiftSnapshotDemoUITests" */;
			buildPhases = (
				2F377B461FC995EA00C5490D /* Sources */,
				2F377B471FC995EA00C5490D /* Frameworks */,
				2F377B481FC995EA00C5490D /* Resources */,
			);
			buildRules = (
			);
			dependencies = (
				2F377B4C1FC995EA00C5490D /* PBXTargetDependency */,
			);
			name = SwiftSnapshotDemoUITests;
			productName = SwiftSnapshotDemoUITests;
			productReference = 2F377B4A1FC995EA00C5490D /* SwiftSnapshotDemoUITests.xctest */;
			productType = "com.apple.product-type.bundle.ui-testing";
		};
/* End PBXNativeTarget section */

/* Begin PBXProject section */
		2F377B231FC995EA00C5490D /* Project object */ = {
			isa = PBXProject;
			attributes = {
				LastSwiftUpdateCheck = 0910;
				LastUpgradeCheck = 0910;
				ORGANIZATIONNAME = "高鑫";
				TargetAttributes = {
					2F377B2A1FC995EA00C5490D = {
						CreatedOnToolsVersion = 9.1;
						ProvisioningStyle = Automatic;
					};
					2F377B3E1FC995EA00C5490D = {
						CreatedOnToolsVersion = 9.1;
						ProvisioningStyle = Automatic;
						TestTargetID = 2F377B2A1FC995EA00C5490D;
					};
					2F377B491FC995EA00C5490D = {
						CreatedOnToolsVersion = 9.1;
						ProvisioningStyle = Automatic;
						TestTargetID = 2F377B2A1FC995EA00C5490D;
					};
				};
			};
			buildConfigurationList = 2F377B261FC995EA00C5490D /* Build configuration list for PBXProject "SwiftSnapshotDemo" */;
			compatibilityVersion = "Xcode 8.0";
			developmentRegion = en;
			hasScannedForEncodings = 0;
			knownRegions = (
				en,
				Base,
			);
			mainGroup = 2F377B221FC995EA00C5490D;
			productRefGroup = 2F377B2C1FC995EA00C5490D /* Products */;
			projectDirPath = "";
			projectRoot = "";
			targets = (
				2F377B2A1FC995EA00C5490D /* SwiftSnapshotDemo */,
				2F377B3E1FC995EA00C5490D /* SwiftSnapshotDemoTests */,
				2F377B491FC995EA00C5490D /* SwiftSnapshotDemoUITests */,
			);
		};
/* End PBXProject section */

/* Begin PBXResourcesBuildPhase section */
		2F377B291FC995EA00C5490D /* Resources */ = {
			isa = PBXResourcesBuildPhase;
			buildActionMask = 2147483647;
			files = (
				2F377B391FC995EA00C5490D /* LaunchScreen.storyboard in Resources */,
				2F377B361FC995EA00C5490D /* Assets.xcassets in Resources */,
				2F377B341FC995EA00C5490D /* Main.storyboard in Resources */,
			);
			runOnlyForDeploymentPostprocessing = 0;
		};
		2F377B3D1FC995EA00C5490D /* Resources */ = {
			isa = PBXResourcesBuildPhase;
			buildActionMask = 2147483647;
			files = (
			);
			runOnlyForDeploymentPostprocessing = 0;
		};
		2F377B481FC995EA00C5490D /* Resources */ = {
			isa = PBXResourcesBuildPhase;
			buildActionMask = 2147483647;
			files = (
			);
			runOnlyForDeploymentPostprocessing = 0;
		};
/* End PBXResourcesBuildPhase section */

/* Begin PBXSourcesBuildPhase section */
		2F377B271FC995EA00C5490D /* Sources */ = {
			isa = PBXSourcesBuildPhase;
			buildActionMask = 2147483647;
			files = (
				2F377B311FC995EA00C5490D /* ViewController.swift in Sources */,
				2F377B2F1FC995EA00C5490D /* AppDelegate.swift in Sources */,
			);
			runOnlyForDeploymentPostprocessing = 0;
		};
		2F377B3B1FC995EA00C5490D /* Sources */ = {
			isa = PBXSourcesBuildPhase;
			buildActionMask = 2147483647;
			files = (
				2F377B441FC995EA00C5490D /* SwiftSnapshotDemoTests.swift in Sources */,
			);
			runOnlyForDeploymentPostprocessing = 0;
		};
		2F377B461FC995EA00C5490D /* Sources */ = {
			isa = PBXSourcesBuildPhase;
			buildActionMask = 2147483647;
			files = (
				2F377B4F1FC995EA00C5490D /* SwiftSnapshotDemoUITests.swift in Sources */,
			);
			runOnlyForDeploymentPostprocessing = 0;
		};
/* End PBXSourcesBuildPhase section */

/* Begin PBXTargetDependency section */
		2F377B411FC995EA00C5490D /* PBXTargetDependency */ = {
			isa = PBXTargetDependency;
			target = 2F377B2A1FC995EA00C5490D /* SwiftSnapshotDemo */;
			targetProxy = 2F377B401FC995EA00C5490D /* PBXContainerItemProxy */;
		};
		2F377B4C1FC995EA00C5490D /* PBXTargetDependency */ = {
			isa = PBXTargetDependency;
			target = 2F377B2A1FC995EA00C5490D /* SwiftSnapshotDemo */;
			targetProxy = 2F377B4B1FC995EA00C5490D /* PBXContainerItemProxy */;
		};
/* End PBXTargetDependency section */

/* Begin PBXVariantGroup section */
		2F377B321FC995EA00C5490D /* Main.storyboard */ = {
			isa = PBXVariantGroup;
			children = (
				2F377B331FC995EA00C5490D /* Base */,
			);
			name = Main.storyboard;
			sourceTree = "<group>";
		};
		2F377B371FC995EA00C5490D /* LaunchScreen.storyboard */ = {
			isa = PBXVariantGroup;
			children = (
				2F377B381FC995EA00C5490D /* Base */,
			);
			name = LaunchScreen.storyboard;
			sourceTree = "<group>";
		};
/* End PBXVariantGroup section */

/* Begin XCBuildConfiguration section */
		2F377B511FC995EA00C5490D /* Debug */ = {
			isa = XCBuildConfiguration;
			buildSettings = {
				ALWAYS_SEARCH_USER_PATHS = NO;
				CLANG_ANALYZER_NONNULL = YES;
				CLANG_ANALYZER_NUMBER_OBJECT_CONVERSION = YES_AGGRESSIVE;
				CLANG_CXX_LANGUAGE_STANDARD = "gnu++14";
				CLANG_CXX_LIBRARY = "libc++";
				CLANG_ENABLE_MODULES = YES;
				CLANG_ENABLE_OBJC_ARC = YES;
				CLANG_WARN_BLOCK_CAPTURE_AUTORELEASING = YES;
				CLANG_WARN_BOOL_CONVERSION = YES;
				CLANG_WARN_COMMA = YES;
				CLANG_WARN_CONSTANT_CONVERSION = YES;
				CLANG_WARN_DIRECT_OBJC_ISA_USAGE = YES_ERROR;
				CLANG_WARN_DOCUMENTATION_COMMENTS = YES;
				CLANG_WARN_EMPTY_BODY = YES;
				CLANG_WARN_ENUM_CONVERSION = YES;
				CLANG_WARN_INFINITE_RECURSION = YES;
				CLANG_WARN_INT_CONVERSION = YES;
				CLANG_WARN_NON_LITERAL_NULL_CONVERSION = YES;
				CLANG_WARN_OBJC_LITERAL_CONVERSION = YES;
				CLANG_WARN_OBJC_ROOT_CLASS = YES_ERROR;
				CLANG_WARN_RANGE_LOOP_ANALYSIS = YES;
				CLANG_WARN_STRICT_PROTOTYPES = YES;
				CLANG_WARN_SUSPICIOUS_MOVE = YES;
				CLANG_WARN_UNGUARDED_AVAILABILITY = YES_AGGRESSIVE;
				CLANG_WARN_UNREACHABLE_CODE = YES;
				CLANG_WARN__DUPLICATE_METHOD_MATCH = YES;
				CODE_SIGN_IDENTITY = "iPhone Developer";
				COPY_PHASE_STRIP = NO;
				DEBUG_INFORMATION_FORMAT = dwarf;
				ENABLE_STRICT_OBJC_MSGSEND = YES;
				ENABLE_TESTABILITY = YES;
				GCC_C_LANGUAGE_STANDARD = gnu11;
				GCC_DYNAMIC_NO_PIC = NO;
				GCC_NO_COMMON_BLOCKS = YES;
				GCC_OPTIMIZATION_LEVEL = 0;
				GCC_PREPROCESSOR_DEFINITIONS = (
					"DEBUG=1",
					"$(inherited)",
				);
				GCC_WARN_64_TO_32_BIT_CONVERSION = YES;
				GCC_WARN_ABOUT_RETURN_TYPE = YES_ERROR;
				GCC_WARN_UNDECLARED_SELECTOR = YES;
				GCC_WARN_UNINITIALIZED_AUTOS = YES_AGGRESSIVE;
				GCC_WARN_UNUSED_FUNCTION = YES;
				GCC_WARN_UNUSED_VARIABLE = YES;
				IPHONEOS_DEPLOYMENT_TARGET = 11.1;
				MTL_ENABLE_DEBUG_INFO = YES;
				ONLY_ACTIVE_ARCH = YES;
				SDKROOT = iphoneos;
				SWIFT_ACTIVE_COMPILATION_CONDITIONS = DEBUG;
				SWIFT_OPTIMIZATION_LEVEL = "-Onone";
			};
			name = Debug;
		};
		2F377B521FC995EA00C5490D /* Release */ = {
			isa = XCBuildConfiguration;
			buildSettings = {
				ALWAYS_SEARCH_USER_PATHS = NO;
				CLANG_ANALYZER_NONNULL = YES;
				CLANG_ANALYZER_NUMBER_OBJECT_CONVERSION = YES_AGGRESSIVE;
				CLANG_CXX_LANGUAGE_STANDARD = "gnu++14";
				CLANG_CXX_LIBRARY = "libc++";
				CLANG_ENABLE_MODULES = YES;
				CLANG_ENABLE_OBJC_ARC = YES;
				CLANG_WARN_BLOCK_CAPTURE_AUTORELEASING = YES;
				CLANG_WARN_BOOL_CONVERSION = YES;
				CLANG_WARN_COMMA = YES;
				CLANG_WARN_CONSTANT_CONVERSION = YES;
				CLANG_WARN_DIRECT_OBJC_ISA_USAGE = YES_ERROR;
				CLANG_WARN_DOCUMENTATION_COMMENTS = YES;
				CLANG_WARN_EMPTY_BODY = YES;
				CLANG_WARN_ENUM_CONVERSION = YES;
				CLANG_WARN_INFINITE_RECURSION = YES;
				CLANG_WARN_INT_CONVERSION = YES;
				CLANG_WARN_NON_LITERAL_NULL_CONVERSION = YES;
				CLANG_WARN_OBJC_LITERAL_CONVERSION = YES;
				CLANG_WARN_OBJC_ROOT_CLASS = YES_ERROR;
				CLANG_WARN_RANGE_LOOP_ANALYSIS = YES;
				CLANG_WARN_STRICT_PROTOTYPES = YES;
				CLANG_WARN_SUSPICIOUS_MOVE = YES;
				CLANG_WARN_UNGUARDED_AVAILABILITY = YES_AGGRESSIVE;
				CLANG_WARN_UNREACHABLE_CODE = YES;
				CLANG_WARN__DUPLICATE_METHOD_MATCH = YES;
				CODE_SIGN_IDENTITY = "iPhone Developer";
				COPY_PHASE_STRIP = NO;
				DEBUG_INFORMATION_FORMAT = "dwarf-with-dsym";
				ENABLE_NS_ASSERTIONS = NO;
				ENABLE_STRICT_OBJC_MSGSEND = YES;
				GCC_C_LANGUAGE_STANDARD = gnu11;
				GCC_NO_COMMON_BLOCKS = YES;
				GCC_WARN_64_TO_32_BIT_CONVERSION = YES;
				GCC_WARN_ABOUT_RETURN_TYPE = YES_ERROR;
				GCC_WARN_UNDECLARED_SELECTOR = YES;
				GCC_WARN_UNINITIALIZED_AUTOS = YES_AGGRESSIVE;
				GCC_WARN_UNUSED_FUNCTION = YES;
				GCC_WARN_UNUSED_VARIABLE = YES;
				IPHONEOS_DEPLOYMENT_TARGET = 11.1;
				MTL_ENABLE_DEBUG_INFO = NO;
				SDKROOT = iphoneos;
				SWIFT_OPTIMIZATION_LEVEL = "-Owholemodule";
				VALIDATE_PRODUCT = YES;
			};
			name = Release;
		};
		2F377B541FC995EA00C5490D /* Debug */ = {
			isa = XCBuildConfiguration;
			buildSettings = {
				ASSETCATALOG_COMPILER_APPICON_NAME = AppIcon;
				CODE_SIGN_STYLE = Automatic;
				DEVELOPMENT_TEAM = NU44639NV3;
				INFOPLIST_FILE = SwiftSnapshotDemo/Info.plist;
				LD_RUNPATH_SEARCH_PATHS = "$(inherited) @executable_path/Frameworks";
				PRODUCT_BUNDLE_IDENTIFIER = com.LicaGao.SwiftSnapshotDemo;
				PRODUCT_NAME = "$(TARGET_NAME)";
				SWIFT_VERSION = 4.0;
				TARGETED_DEVICE_FAMILY = "1,2";
			};
			name = Debug;
		};
		2F377B551FC995EA00C5490D /* Release */ = {
			isa = XCBuildConfiguration;
			buildSettings = {
				ASSETCATALOG_COMPILER_APPICON_NAME = AppIcon;
				CODE_SIGN_STYLE = Automatic;
				DEVELOPMENT_TEAM = NU44639NV3;
				INFOPLIST_FILE = SwiftSnapshotDemo/Info.plist;
				LD_RUNPATH_SEARCH_PATHS = "$(inherited) @executable_path/Frameworks";
				PRODUCT_BUNDLE_IDENTIFIER = com.LicaGao.SwiftSnapshotDemo;
				PRODUCT_NAME = "$(TARGET_NAME)";
				SWIFT_VERSION = 4.0;
				TARGETED_DEVICE_FAMILY = "1,2";
			};
			name = Release;
		};
		2F377B571FC995EA00C5490D /* Debug */ = {
			isa = XCBuildConfiguration;
			buildSettings = {
				ALWAYS_EMBED_SWIFT_STANDARD_LIBRARIES = YES;
				BUNDLE_LOADER = "$(TEST_HOST)";
				CODE_SIGN_STYLE = Automatic;
				DEVELOPMENT_TEAM = NU44639NV3;
				INFOPLIST_FILE = SwiftSnapshotDemoTests/Info.plist;
				LD_RUNPATH_SEARCH_PATHS = "$(inherited) @executable_path/Frameworks @loader_path/Frameworks";
				PRODUCT_BUNDLE_IDENTIFIER = com.LicaGao.SwiftSnapshotDemoTests;
				PRODUCT_NAME = "$(TARGET_NAME)";
				SWIFT_VERSION = 4.0;
				TARGETED_DEVICE_FAMILY = "1,2";
				TEST_HOST = "$(BUILT_PRODUCTS_DIR)/SwiftSnapshotDemo.app/SwiftSnapshotDemo";
			};
			name = Debug;
		};
		2F377B581FC995EA00C5490D /* Release */ = {
			isa = XCBuildConfiguration;
			buildSettings = {
				ALWAYS_EMBED_SWIFT_STANDARD_LIBRARIES = YES;
				BUNDLE_LOADER = "$(TEST_HOST)";
				CODE_SIGN_STYLE = Automatic;
				DEVELOPMENT_TEAM = NU44639NV3;
				INFOPLIST_FILE = SwiftSnapshotDemoTests/Info.plist;
				LD_RUNPATH_SEARCH_PATHS = "$(inherited) @executable_path/Frameworks @loader_path/Frameworks";
				PRODUCT_BUNDLE_IDENTIFIER = com.LicaGao.SwiftSnapshotDemoTests;
				PRODUCT_NAME = "$(TARGET_NAME)";
				SWIFT_VERSION = 4.0;
				TARGETED_DEVICE_FAMILY = "1,2";
				TEST_HOST = "$(BUILT_PRODUCTS_DIR)/SwiftSnapshotDemo.app/SwiftSnapshotDemo";
			};
			name = Release;
		};
		2F377B5A1FC995EA00C5490D /* Debug */ = {
			isa = XCBuildConfiguration;
			buildSettings = {
				ALWAYS_EMBED_SWIFT_STANDARD_LIBRARIES = YES;
				CODE_SIGN_STYLE = Automatic;
				DEVELOPMENT_TEAM = NU44639NV3;
				INFOPLIST_FILE = SwiftSnapshotDemoUITests/Info.plist;
				LD_RUNPATH_SEARCH_PATHS = "$(inherited) @executable_path/Frameworks @loader_path/Frameworks";
				PRODUCT_BUNDLE_IDENTIFIER = com.LicaGao.SwiftSnapshotDemoUITests;
				PRODUCT_NAME = "$(TARGET_NAME)";
				SWIFT_VERSION = 4.0;
				TARGETED_DEVICE_FAMILY = "1,2";
				TEST_TARGET_NAME = SwiftSnapshotDemo;
			};
			name = Debug;
		};
		2F377B5B1FC995EA00C5490D /* Release */ = {
			isa = XCBuildConfiguration;
			buildSettings = {
				ALWAYS_EMBED_SWIFT_STANDARD_LIBRARIES = YES;
				CODE_SIGN_STYLE = Automatic;
				DEVELOPMENT_TEAM = NU44639NV3;
				INFOPLIST_FILE = SwiftSnapshotDemoUITests/Info.plist;
				LD_RUNPATH_SEARCH_PATHS = "$(inherited) @executable_path/Frameworks @loader_path/Frameworks";
				PRODUCT_BUNDLE_IDENTIFIER = com.LicaGao.SwiftSnapshotDemoUITests;
				PRODUCT_NAME = "$(TARGET_NAME)";
				SWIFT_VERSION = 4.0;
				TARGETED_DEVICE_FAMILY = "1,2";
				TEST_TARGET_NAME = SwiftSnapshotDemo;
			};
			name = Release;
		};
/* End XCBuildConfiguration section */

/* Begin XCConfigurationList section */
		2F377B261FC995EA00C5490D /* Build configuration list for PBXProject "SwiftSnapshotDemo" */ = {
			isa = XCConfigurationList;
			buildConfigurations = (
				2F377B511FC995EA00C5490D /* Debug */,
				2F377B521FC995EA00C5490D /* Release */,
			);
			defaultConfigurationIsVisible = 0;
			defaultConfigurationName = Release;
		};
		2F377B531FC995EA00C5490D /* Build configuration list for PBXNativeTarget "SwiftSnapshotDemo" */ = {
			isa = XCConfigurationList;
			buildConfigurations = (
				2F377B541FC995EA00C5490D /* Debug */,
				2F377B551FC995EA00C5490D /* Release */,
			);
			defaultConfigurationIsVisible = 0;
			defaultConfigurationName = Release;
		};
		2F377B561FC995EA00C5490D /* Build configuration list for PBXNativeTarget "SwiftSnapshotDemoTests" */ = {
			isa = XCConfigurationList;
			buildConfigurations = (
				2F377B571FC995EA00C5490D /* Debug */,
				2F377B581FC995EA00C5490D /* Release */,
			);
			defaultConfigurationIsVisible = 0;
			defaultConfigurationName = Release;
		};
		2F377B591FC995EA00C5490D /* Build configuration list for PBXNativeTarget "SwiftSnapshotDemoUITests" */ = {
			isa = XCConfigurationList;
			buildConfigurations = (
				2F377B5A1FC995EA00C5490D /* Debug */,
				2F377B5B1FC995EA00C5490D /* Release */,
			);
			defaultConfigurationIsVisible = 0;
			defaultConfigurationName = Release;
		};
/* End XCConfigurationList section */
	};
	rootObject = 2F377B231FC995EA00C5490D /* Project object */;
}
